// !$*UTF8*$!
{
	archiveVersion = 1;
	classes = {
	};
	objectVersion = 56;
	objects = {

/* Begin PBXBuildFile section */
		29096AA12A448E090008542A /* Character.swift in Sources */ = {isa = PBXBuildFile; fileRef = 29096AA02A448E090008542A /* Character.swift */; };
		29096AA32A4495870008542A /* Comic.swift in Sources */ = {isa = PBXBuildFile; fileRef = 29096AA22A4495870008542A /* Comic.swift */; };
		29096AA62A449AA50008542A /* APIService.swift in Sources */ = {isa = PBXBuildFile; fileRef = 29096AA52A449AA50008542A /* APIService.swift */; };
		29096AA82A449C040008542A /* MarvelError.swift in Sources */ = {isa = PBXBuildFile; fileRef = 29096AA72A449C040008542A /* MarvelError.swift */; };
		29096AAA2A44A92B0008542A /* MCDataLoadingViewController.swift in Sources */ = {isa = PBXBuildFile; fileRef = 29096AA92A44A92B0008542A /* MCDataLoadingViewController.swift */; };
		29096AAD2A44AB770008542A /* UIHelper.swift in Sources */ = {isa = PBXBuildFile; fileRef = 29096AAC2A44AB770008542A /* UIHelper.swift */; };
		29096AB02A44ACD90008542A /* CharacterView.swift in Sources */ = {isa = PBXBuildFile; fileRef = 29096AAF2A44ACD90008542A /* CharacterView.swift */; };
		29096AB22A44B44C0008542A /* CharacterCollectionViewCell.swift in Sources */ = {isa = PBXBuildFile; fileRef = 29096AB12A44B44C0008542A /* CharacterCollectionViewCell.swift */; };
		29096AB52A44B7630008542A /* MCImageView.swift in Sources */ = {isa = PBXBuildFile; fileRef = 29096AB42A44B7630008542A /* MCImageView.swift */; };
		29096ABA2A44EB2F0008542A /* MCCharacterNameLabel.swift in Sources */ = {isa = PBXBuildFile; fileRef = 29096AB92A44EB2F0008542A /* MCCharacterNameLabel.swift */; };
		29096ABC2A44F1C60008542A /* MCCharacterSecondaryLabel.swift in Sources */ = {isa = PBXBuildFile; fileRef = 29096ABB2A44F1C60008542A /* MCCharacterSecondaryLabel.swift */; };
		292F3B682A4384A00079751D /* AppDelegate.swift in Sources */ = {isa = PBXBuildFile; fileRef = 292F3B672A4384A00079751D /* AppDelegate.swift */; };
		292F3B6A2A4384A00079751D /* SceneDelegate.swift in Sources */ = {isa = PBXBuildFile; fileRef = 292F3B692A4384A00079751D /* SceneDelegate.swift */; };
		292F3B712A4384A10079751D /* Assets.xcassets in Resources */ = {isa = PBXBuildFile; fileRef = 292F3B702A4384A10079751D /* Assets.xcassets */; };
		292F3B742A4384A10079751D /* LaunchScreen.storyboard in Resources */ = {isa = PBXBuildFile; fileRef = 292F3B722A4384A10079751D /* LaunchScreen.storyboard */; };
		292F3B7F2A4387B00079751D /* MCTabBarController.swift in Sources */ = {isa = PBXBuildFile; fileRef = 292F3B7E2A4387B00079751D /* MCTabBarController.swift */; };
		292F3B822A4388020079751D /* Constants.swift in Sources */ = {isa = PBXBuildFile; fileRef = 292F3B812A4388020079751D /* Constants.swift */; };
		292F3B842A4388160079751D /* UIElements.swift in Sources */ = {isa = PBXBuildFile; fileRef = 292F3B832A4388160079751D /* UIElements.swift */; };
		292F3B872A438A010079751D /* CharacterListViewController.swift in Sources */ = {isa = PBXBuildFile; fileRef = 292F3B862A438A010079751D /* CharacterListViewController.swift */; };
		292F3B892A438A5F0079751D /* FavoritesViewController.swift in Sources */ = {isa = PBXBuildFile; fileRef = 292F3B882A438A5F0079751D /* FavoritesViewController.swift */; };
		292F3B8C2A43960C0079751D /* Marvel-Regular.ttf in Resources */ = {isa = PBXBuildFile; fileRef = 292F3B8B2A43960C0079751D /* Marvel-Regular.ttf */; };
		292F3B8E2A4396F20079751D /* MCComicsTitlePageLabel.swift in Sources */ = {isa = PBXBuildFile; fileRef = 292F3B8D2A4396F20079751D /* MCComicsTitlePageLabel.swift */; };
		292F3B922A439C530079751D /* MCTextField.swift in Sources */ = {isa = PBXBuildFile; fileRef = 292F3B912A439C530079751D /* MCTextField.swift */; };
		292F3B952A439FA10079751D /* MCButton.swift in Sources */ = {isa = PBXBuildFile; fileRef = 292F3B942A439FA10079751D /* MCButton.swift */; };
		292F3B972A43A7740079751D /* CharacterDetailViewController.swift in Sources */ = {isa = PBXBuildFile; fileRef = 292F3B962A43A7740079751D /* CharacterDetailViewController.swift */; };
		297ABED82A4A1F6B00D3F85B /* MCImageHeaderViewController.swift in Sources */ = {isa = PBXBuildFile; fileRef = 297ABED72A4A1F6B00D3F85B /* MCImageHeaderViewController.swift */; };
		297ABEDD2A4A3B9100D3F85B /* ComicCollectionViewCell.swift in Sources */ = {isa = PBXBuildFile; fileRef = 297ABEDC2A4A3B9100D3F85B /* ComicCollectionViewCell.swift */; };
		297ABEE12A4A3D1E00D3F85B /* ComicView.swift in Sources */ = {isa = PBXBuildFile; fileRef = 297ABEE02A4A3D1E00D3F85B /* ComicView.swift */; };
		298356FF2A5DB0A600A514B3 /* MarvelEndpoints.swift in Sources */ = {isa = PBXBuildFile; fileRef = 298356FE2A5DB0A600A514B3 /* MarvelEndpoints.swift */; };
/* End PBXBuildFile section */

/* Begin PBXFileReference section */
		29096AA02A448E090008542A /* Character.swift */ = {isa = PBXFileReference; lastKnownFileType = sourcecode.swift; path = Character.swift; sourceTree = "<group>"; };
		29096AA22A4495870008542A /* Comic.swift */ = {isa = PBXFileReference; lastKnownFileType = sourcecode.swift; path = Comic.swift; sourceTree = "<group>"; };
		29096AA52A449AA50008542A /* APIService.swift */ = {isa = PBXFileReference; lastKnownFileType = sourcecode.swift; path = APIService.swift; sourceTree = "<group>"; };
		29096AA72A449C040008542A /* MarvelError.swift */ = {isa = PBXFileReference; lastKnownFileType = sourcecode.swift; path = MarvelError.swift; sourceTree = "<group>"; };
		29096AA92A44A92B0008542A /* MCDataLoadingViewController.swift */ = {isa = PBXFileReference; lastKnownFileType = sourcecode.swift; path = MCDataLoadingViewController.swift; sourceTree = "<group>"; };
		29096AAC2A44AB770008542A /* UIHelper.swift */ = {isa = PBXFileReference; lastKnownFileType = sourcecode.swift; path = UIHelper.swift; sourceTree = "<group>"; };
		29096AAF2A44ACD90008542A /* CharacterView.swift */ = {isa = PBXFileReference; lastKnownFileType = sourcecode.swift; path = CharacterView.swift; sourceTree = "<group>"; };
		29096AB12A44B44C0008542A /* CharacterCollectionViewCell.swift */ = {isa = PBXFileReference; lastKnownFileType = sourcecode.swift; path = CharacterCollectionViewCell.swift; sourceTree = "<group>"; };
		29096AB42A44B7630008542A /* MCImageView.swift */ = {isa = PBXFileReference; lastKnownFileType = sourcecode.swift; path = MCImageView.swift; sourceTree = "<group>"; };
		29096AB92A44EB2F0008542A /* MCCharacterNameLabel.swift */ = {isa = PBXFileReference; lastKnownFileType = sourcecode.swift; path = MCCharacterNameLabel.swift; sourceTree = "<group>"; };
		29096ABB2A44F1C60008542A /* MCCharacterSecondaryLabel.swift */ = {isa = PBXFileReference; lastKnownFileType = sourcecode.swift; path = MCCharacterSecondaryLabel.swift; sourceTree = "<group>"; };
		292F3B642A4384A00079751D /* MarvelCharacters.app */ = {isa = PBXFileReference; explicitFileType = wrapper.application; includeInIndex = 0; path = MarvelCharacters.app; sourceTree = BUILT_PRODUCTS_DIR; };
		292F3B672A4384A00079751D /* AppDelegate.swift */ = {isa = PBXFileReference; lastKnownFileType = sourcecode.swift; path = AppDelegate.swift; sourceTree = "<group>"; };
		292F3B692A4384A00079751D /* SceneDelegate.swift */ = {isa = PBXFileReference; lastKnownFileType = sourcecode.swift; path = SceneDelegate.swift; sourceTree = "<group>"; };
		292F3B702A4384A10079751D /* Assets.xcassets */ = {isa = PBXFileReference; lastKnownFileType = folder.assetcatalog; path = Assets.xcassets; sourceTree = "<group>"; };
		292F3B732A4384A10079751D /* Base */ = {isa = PBXFileReference; lastKnownFileType = file.storyboard; name = Base; path = Base.lproj/LaunchScreen.storyboard; sourceTree = "<group>"; };
		292F3B752A4384A10079751D /* Info.plist */ = {isa = PBXFileReference; lastKnownFileType = text.plist.xml; path = Info.plist; sourceTree = "<group>"; };
		292F3B7E2A4387B00079751D /* MCTabBarController.swift */ = {isa = PBXFileReference; lastKnownFileType = sourcecode.swift; path = MCTabBarController.swift; sourceTree = "<group>"; };
		292F3B812A4388020079751D /* Constants.swift */ = {isa = PBXFileReference; lastKnownFileType = sourcecode.swift; path = Constants.swift; sourceTree = "<group>"; };
		292F3B832A4388160079751D /* UIElements.swift */ = {isa = PBXFileReference; lastKnownFileType = sourcecode.swift; path = UIElements.swift; sourceTree = "<group>"; };
		292F3B862A438A010079751D /* CharacterListViewController.swift */ = {isa = PBXFileReference; lastKnownFileType = sourcecode.swift; path = CharacterListViewController.swift; sourceTree = "<group>"; };
		292F3B882A438A5F0079751D /* FavoritesViewController.swift */ = {isa = PBXFileReference; lastKnownFileType = sourcecode.swift; path = FavoritesViewController.swift; sourceTree = "<group>"; };
		292F3B8B2A43960C0079751D /* Marvel-Regular.ttf */ = {isa = PBXFileReference; lastKnownFileType = file; path = "Marvel-Regular.ttf"; sourceTree = "<group>"; };
		292F3B8D2A4396F20079751D /* MCComicsTitlePageLabel.swift */ = {isa = PBXFileReference; lastKnownFileType = sourcecode.swift; path = MCComicsTitlePageLabel.swift; sourceTree = "<group>"; };
		292F3B912A439C530079751D /* MCTextField.swift */ = {isa = PBXFileReference; lastKnownFileType = sourcecode.swift; path = MCTextField.swift; sourceTree = "<group>"; };
		292F3B942A439FA10079751D /* MCButton.swift */ = {isa = PBXFileReference; lastKnownFileType = sourcecode.swift; path = MCButton.swift; sourceTree = "<group>"; };
		292F3B962A43A7740079751D /* CharacterDetailViewController.swift */ = {isa = PBXFileReference; lastKnownFileType = sourcecode.swift; path = CharacterDetailViewController.swift; sourceTree = "<group>"; };
		297ABED72A4A1F6B00D3F85B /* MCImageHeaderViewController.swift */ = {isa = PBXFileReference; lastKnownFileType = sourcecode.swift; path = MCImageHeaderViewController.swift; sourceTree = "<group>"; };
		297ABEDC2A4A3B9100D3F85B /* ComicCollectionViewCell.swift */ = {isa = PBXFileReference; lastKnownFileType = sourcecode.swift; path = ComicCollectionViewCell.swift; sourceTree = "<group>"; };
		297ABEE02A4A3D1E00D3F85B /* ComicView.swift */ = {isa = PBXFileReference; lastKnownFileType = sourcecode.swift; path = ComicView.swift; sourceTree = "<group>"; };
		298356FE2A5DB0A600A514B3 /* MarvelEndpoints.swift */ = {isa = PBXFileReference; lastKnownFileType = sourcecode.swift; path = MarvelEndpoints.swift; sourceTree = "<group>"; };
/* End PBXFileReference section */

/* Begin PBXFrameworksBuildPhase section */
		292F3B612A4384A00079751D /* Frameworks */ = {
			isa = PBXFrameworksBuildPhase;
			buildActionMask = 2147483647;
			files = (
			);
			runOnlyForDeploymentPostprocessing = 0;
		};
/* End PBXFrameworksBuildPhase section */

/* Begin PBXGroup section */
		29096A9F2A448DF40008542A /* Model */ = {
			isa = PBXGroup;
			children = (
				29096AA02A448E090008542A /* Character.swift */,
				29096AA22A4495870008542A /* Comic.swift */,
			);
			path = Model;
			sourceTree = "<group>";
		};
		29096AA42A449A690008542A /* Services */ = {
			isa = PBXGroup;
			children = (
				29096AA52A449AA50008542A /* APIService.swift */,
				298356FE2A5DB0A600A514B3 /* MarvelEndpoints.swift */,
			);
			path = Services;
			sourceTree = "<group>";
		};
		29096AAB2A44A9700008542A /* View Controllers */ = {
			isa = PBXGroup;
			children = (
				29096AA92A44A92B0008542A /* MCDataLoadingViewController.swift */,
				297ABED72A4A1F6B00D3F85B /* MCImageHeaderViewController.swift */,
			);
			path = "View Controllers";
			sourceTree = "<group>";
		};
		29096AAE2A44ACB20008542A /* Cells */ = {
			isa = PBXGroup;
			children = (
				29096AB62A44DE9B0008542A /* Character List Cell */,
				297ABEDB2A4A3B6800D3F85B /* Comic List Cell */,
			);
			path = Cells;
			sourceTree = "<group>";
		};
		29096AB32A44B73A0008542A /* Image Views */ = {
			isa = PBXGroup;
			children = (
				29096AB42A44B7630008542A /* MCImageView.swift */,
			);
			path = "Image Views";
			sourceTree = "<group>";
		};
		29096AB62A44DE9B0008542A /* Character List Cell */ = {
			isa = PBXGroup;
			children = (
				29096AB12A44B44C0008542A /* CharacterCollectionViewCell.swift */,
				29096AAF2A44ACD90008542A /* CharacterView.swift */,
			);
			path = "Character List Cell";
			sourceTree = "<group>";
		};
		292F3B5B2A4384A00079751D = {
			isa = PBXGroup;
			children = (
				292F3B662A4384A00079751D /* MarvelCharacters */,
				292F3B652A4384A00079751D /* Products */,
			);
			sourceTree = "<group>";
		};
		292F3B652A4384A00079751D /* Products */ = {
			isa = PBXGroup;
			children = (
				292F3B642A4384A00079751D /* MarvelCharacters.app */,
			);
			name = Products;
			sourceTree = "<group>";
		};
		292F3B662A4384A00079751D /* MarvelCharacters */ = {
			isa = PBXGroup;
			children = (
				29096A9F2A448DF40008542A /* Model */,
				292F3B852A4389DD0079751D /* Screens */,
				292F3B7C2A43874B0079751D /* Custom Views */,
				29096AA42A449A690008542A /* Services */,
				292F3B802A4387E30079751D /* Utilities */,
				292F3B7B2A4386B10079751D /* Supporting Files */,
			);
			path = MarvelCharacters;
			sourceTree = "<group>";
		};
		292F3B7B2A4386B10079751D /* Supporting Files */ = {
			isa = PBXGroup;
			children = (
				292F3B672A4384A00079751D /* AppDelegate.swift */,
				292F3B692A4384A00079751D /* SceneDelegate.swift */,
				292F3B702A4384A10079751D /* Assets.xcassets */,
				292F3B722A4384A10079751D /* LaunchScreen.storyboard */,
				292F3B752A4384A10079751D /* Info.plist */,
			);
			path = "Supporting Files";
			sourceTree = "<group>";
		};
		292F3B7C2A43874B0079751D /* Custom Views */ = {
			isa = PBXGroup;
			children = (
				292F3B7D2A43875D0079751D /* Tab Bar Controller */,
				29096AAB2A44A9700008542A /* View Controllers */,
				29096AAE2A44ACB20008542A /* Cells */,
				29096AB32A44B73A0008542A /* Image Views */,
				292F3B8F2A439B9B0079751D /* Labels */,
				292F3B902A439C270079751D /* Text Fields */,
				292F3B932A439F870079751D /* Buttons */,
			);
			path = "Custom Views";
			sourceTree = "<group>";
		};
		292F3B7D2A43875D0079751D /* Tab Bar Controller */ = {
			isa = PBXGroup;
			children = (
				292F3B7E2A4387B00079751D /* MCTabBarController.swift */,
			);
			path = "Tab Bar Controller";
			sourceTree = "<group>";
		};
		292F3B802A4387E30079751D /* Utilities */ = {
			isa = PBXGroup;
			children = (
				292F3B8A2A4395E80079751D /* Fonts */,
				292F3B812A4388020079751D /* Constants.swift */,
				292F3B832A4388160079751D /* UIElements.swift */,
				29096AA72A449C040008542A /* MarvelError.swift */,
				29096AAC2A44AB770008542A /* UIHelper.swift */,
			);
			path = Utilities;
			sourceTree = "<group>";
		};
		292F3B852A4389DD0079751D /* Screens */ = {
			isa = PBXGroup;
			children = (
				292F3B862A438A010079751D /* CharacterListViewController.swift */,
				292F3B962A43A7740079751D /* CharacterDetailViewController.swift */,
				292F3B882A438A5F0079751D /* FavoritesViewController.swift */,
			);
			path = Screens;
			sourceTree = "<group>";
		};
		292F3B8A2A4395E80079751D /* Fonts */ = {
			isa = PBXGroup;
			children = (
				292F3B8B2A43960C0079751D /* Marvel-Regular.ttf */,
			);
			path = Fonts;
			sourceTree = "<group>";
		};
		292F3B8F2A439B9B0079751D /* Labels */ = {
			isa = PBXGroup;
			children = (
				292F3B8D2A4396F20079751D /* MCComicsTitlePageLabel.swift */,
				29096AB92A44EB2F0008542A /* MCCharacterNameLabel.swift */,
				29096ABB2A44F1C60008542A /* MCCharacterSecondaryLabel.swift */,
			);
			path = Labels;
			sourceTree = "<group>";
		};
		292F3B902A439C270079751D /* Text Fields */ = {
			isa = PBXGroup;
			children = (
				292F3B912A439C530079751D /* MCTextField.swift */,
			);
			path = "Text Fields";
			sourceTree = "<group>";
		};
		292F3B932A439F870079751D /* Buttons */ = {
			isa = PBXGroup;
			children = (
				292F3B942A439FA10079751D /* MCButton.swift */,
			);
			path = Buttons;
			sourceTree = "<group>";
		};
		297ABEDB2A4A3B6800D3F85B /* Comic List Cell */ = {
			isa = PBXGroup;
			children = (
				297ABEDC2A4A3B9100D3F85B /* ComicCollectionViewCell.swift */,
				297ABEE02A4A3D1E00D3F85B /* ComicView.swift */,
			);
			path = "Comic List Cell";
			sourceTree = "<group>";
		};
/* End PBXGroup section */

/* Begin PBXNativeTarget section */
		292F3B632A4384A00079751D /* MarvelCharacters */ = {
			isa = PBXNativeTarget;
			buildConfigurationList = 292F3B782A4384A10079751D /* Build configuration list for PBXNativeTarget "MarvelCharacters" */;
			buildPhases = (
				292F3B602A4384A00079751D /* Sources */,
				292F3B612A4384A00079751D /* Frameworks */,
				292F3B622A4384A00079751D /* Resources */,
			);
			buildRules = (
			);
			dependencies = (
			);
			name = MarvelCharacters;
			productName = MarvelCharacters;
			productReference = 292F3B642A4384A00079751D /* MarvelCharacters.app */;
			productType = "com.apple.product-type.application";
		};
/* End PBXNativeTarget section */

/* Begin PBXProject section */
		292F3B5C2A4384A00079751D /* Project object */ = {
			isa = PBXProject;
			attributes = {
				BuildIndependentTargetsInParallel = 1;
				LastSwiftUpdateCheck = 1430;
				LastUpgradeCheck = 1430;
				TargetAttributes = {
					292F3B632A4384A00079751D = {
						CreatedOnToolsVersion = 14.3.1;
					};
				};
			};
			buildConfigurationList = 292F3B5F2A4384A00079751D /* Build configuration list for PBXProject "MarvelCharacters" */;
			compatibilityVersion = "Xcode 14.0";
			developmentRegion = en;
			hasScannedForEncodings = 0;
			knownRegions = (
				en,
				Base,
			);
			mainGroup = 292F3B5B2A4384A00079751D;
			productRefGroup = 292F3B652A4384A00079751D /* Products */;
			projectDirPath = "";
			projectRoot = "";
			targets = (
				292F3B632A4384A00079751D /* MarvelCharacters */,
			);
		};
/* End PBXProject section */

/* Begin PBXResourcesBuildPhase section */
		292F3B622A4384A00079751D /* Resources */ = {
			isa = PBXResourcesBuildPhase;
			buildActionMask = 2147483647;
			files = (
				292F3B742A4384A10079751D /* LaunchScreen.storyboard in Resources */,
				292F3B712A4384A10079751D /* Assets.xcassets in Resources */,
				292F3B8C2A43960C0079751D /* Marvel-Regular.ttf in Resources */,
			);
			runOnlyForDeploymentPostprocessing = 0;
		};
/* End PBXResourcesBuildPhase section */

/* Begin PBXSourcesBuildPhase section */
		292F3B602A4384A00079751D /* Sources */ = {
			isa = PBXSourcesBuildPhase;
			buildActionMask = 2147483647;
			files = (
				29096AB52A44B7630008542A /* MCImageView.swift in Sources */,
				29096AB22A44B44C0008542A /* CharacterCollectionViewCell.swift in Sources */,
				297ABEDD2A4A3B9100D3F85B /* ComicCollectionViewCell.swift in Sources */,
				29096AA12A448E090008542A /* Character.swift in Sources */,
				29096AA62A449AA50008542A /* APIService.swift in Sources */,
				297ABEE12A4A3D1E00D3F85B /* ComicView.swift in Sources */,
				292F3B872A438A010079751D /* CharacterListViewController.swift in Sources */,
				298356FF2A5DB0A600A514B3 /* MarvelEndpoints.swift in Sources */,
				29096AAA2A44A92B0008542A /* MCDataLoadingViewController.swift in Sources */,
				292F3B922A439C530079751D /* MCTextField.swift in Sources */,
				29096ABC2A44F1C60008542A /* MCCharacterSecondaryLabel.swift in Sources */,
				29096AAD2A44AB770008542A /* UIHelper.swift in Sources */,
				292F3B682A4384A00079751D /* AppDelegate.swift in Sources */,
				292F3B972A43A7740079751D /* CharacterDetailViewController.swift in Sources */,
				29096AB02A44ACD90008542A /* CharacterView.swift in Sources */,
				292F3B892A438A5F0079751D /* FavoritesViewController.swift in Sources */,
				297ABED82A4A1F6B00D3F85B /* MCImageHeaderViewController.swift in Sources */,
				29096ABA2A44EB2F0008542A /* MCCharacterNameLabel.swift in Sources */,
				292F3B6A2A4384A00079751D /* SceneDelegate.swift in Sources */,
				292F3B952A439FA10079751D /* MCButton.swift in Sources */,
				29096AA32A4495870008542A /* Comic.swift in Sources */,
				292F3B8E2A4396F20079751D /* MCComicsTitlePageLabel.swift in Sources */,
				292F3B7F2A4387B00079751D /* MCTabBarController.swift in Sources */,
				29096AA82A449C040008542A /* MarvelError.swift in Sources */,
				292F3B822A4388020079751D /* Constants.swift in Sources */,
				292F3B842A4388160079751D /* UIElements.swift in Sources */,
			);
			runOnlyForDeploymentPostprocessing = 0;
		};
/* End PBXSourcesBuildPhase section */

/* Begin PBXVariantGroup section */
		292F3B722A4384A10079751D /* LaunchScreen.storyboard */ = {
			isa = PBXVariantGroup;
			children = (
				292F3B732A4384A10079751D /* Base */,
			);
			name = LaunchScreen.storyboard;
			sourceTree = "<group>";
		};
/* End PBXVariantGroup section */

/* Begin XCBuildConfiguration section */
		292F3B762A4384A10079751D /* Debug */ = {
			isa = XCBuildConfiguration;
			buildSettings = {
				ALWAYS_SEARCH_USER_PATHS = NO;
				CLANG_ANALYZER_NONNULL = YES;
				CLANG_ANALYZER_NUMBER_OBJECT_CONVERSION = YES_AGGRESSIVE;
				CLANG_CXX_LANGUAGE_STANDARD = "gnu++20";
				CLANG_ENABLE_MODULES = YES;
				CLANG_ENABLE_OBJC_ARC = YES;
				CLANG_ENABLE_OBJC_WEAK = YES;
				CLANG_WARN_BLOCK_CAPTURE_AUTORELEASING = YES;
				CLANG_WARN_BOOL_CONVERSION = YES;
				CLANG_WARN_COMMA = YES;
				CLANG_WARN_CONSTANT_CONVERSION = YES;
				CLANG_WARN_DEPRECATED_OBJC_IMPLEMENTATIONS = YES;
				CLANG_WARN_DIRECT_OBJC_ISA_USAGE = YES_ERROR;
				CLANG_WARN_DOCUMENTATION_COMMENTS = YES;
				CLANG_WARN_EMPTY_BODY = YES;
				CLANG_WARN_ENUM_CONVERSION = YES;
				CLANG_WARN_INFINITE_RECURSION = YES;
				CLANG_WARN_INT_CONVERSION = YES;
				CLANG_WARN_NON_LITERAL_NULL_CONVERSION = YES;
				CLANG_WARN_OBJC_IMPLICIT_RETAIN_SELF = YES;
				CLANG_WARN_OBJC_LITERAL_CONVERSION = YES;
				CLANG_WARN_OBJC_ROOT_CLASS = YES_ERROR;
				CLANG_WARN_QUOTED_INCLUDE_IN_FRAMEWORK_HEADER = YES;
				CLANG_WARN_RANGE_LOOP_ANALYSIS = YES;
				CLANG_WARN_STRICT_PROTOTYPES = YES;
				CLANG_WARN_SUSPICIOUS_MOVE = YES;
				CLANG_WARN_UNGUARDED_AVAILABILITY = YES_AGGRESSIVE;
				CLANG_WARN_UNREACHABLE_CODE = YES;
				CLANG_WARN__DUPLICATE_METHOD_MATCH = YES;
				COPY_PHASE_STRIP = NO;
				DEBUG_INFORMATION_FORMAT = dwarf;
				ENABLE_STRICT_OBJC_MSGSEND = YES;
				ENABLE_TESTABILITY = YES;
				GCC_C_LANGUAGE_STANDARD = gnu11;
				GCC_DYNAMIC_NO_PIC = NO;
				GCC_NO_COMMON_BLOCKS = YES;
				GCC_OPTIMIZATION_LEVEL = 0;
				GCC_PREPROCESSOR_DEFINITIONS = (
					"DEBUG=1",
					"$(inherited)",
				);
				GCC_WARN_64_TO_32_BIT_CONVERSION = YES;
				GCC_WARN_ABOUT_RETURN_TYPE = YES_ERROR;
				GCC_WARN_UNDECLARED_SELECTOR = YES;
				GCC_WARN_UNINITIALIZED_AUTOS = YES_AGGRESSIVE;
				GCC_WARN_UNUSED_FUNCTION = YES;
				GCC_WARN_UNUSED_VARIABLE = YES;
				IPHONEOS_DEPLOYMENT_TARGET = 16.4;
				MTL_ENABLE_DEBUG_INFO = INCLUDE_SOURCE;
				MTL_FAST_MATH = YES;
				ONLY_ACTIVE_ARCH = YES;
				SDKROOT = iphoneos;
				SWIFT_ACTIVE_COMPILATION_CONDITIONS = DEBUG;
				SWIFT_OPTIMIZATION_LEVEL = "-Onone";
			};
			name = Debug;
		};
		292F3B772A4384A10079751D /* Release */ = {
			isa = XCBuildConfiguration;
			buildSettings = {
				ALWAYS_SEARCH_USER_PATHS = NO;
				CLANG_ANALYZER_NONNULL = YES;
				CLANG_ANALYZER_NUMBER_OBJECT_CONVERSION = YES_AGGRESSIVE;
				CLANG_CXX_LANGUAGE_STANDARD = "gnu++20";
				CLANG_ENABLE_MODULES = YES;
				CLANG_ENABLE_OBJC_ARC = YES;
				CLANG_ENABLE_OBJC_WEAK = YES;
				CLANG_WARN_BLOCK_CAPTURE_AUTORELEASING = YES;
				CLANG_WARN_BOOL_CONVERSION = YES;
				CLANG_WARN_COMMA = YES;
				CLANG_WARN_CONSTANT_CONVERSION = YES;
				CLANG_WARN_DEPRECATED_OBJC_IMPLEMENTATIONS = YES;
				CLANG_WARN_DIRECT_OBJC_ISA_USAGE = YES_ERROR;
				CLANG_WARN_DOCUMENTATION_COMMENTS = YES;
				CLANG_WARN_EMPTY_BODY = YES;
				CLANG_WARN_ENUM_CONVERSION = YES;
				CLANG_WARN_INFINITE_RECURSION = YES;
				CLANG_WARN_INT_CONVERSION = YES;
				CLANG_WARN_NON_LITERAL_NULL_CONVERSION = YES;
				CLANG_WARN_OBJC_IMPLICIT_RETAIN_SELF = YES;
				CLANG_WARN_OBJC_LITERAL_CONVERSION = YES;
				CLANG_WARN_OBJC_ROOT_CLASS = YES_ERROR;
				CLANG_WARN_QUOTED_INCLUDE_IN_FRAMEWORK_HEADER = YES;
				CLANG_WARN_RANGE_LOOP_ANALYSIS = YES;
				CLANG_WARN_STRICT_PROTOTYPES = YES;
				CLANG_WARN_SUSPICIOUS_MOVE = YES;
				CLANG_WARN_UNGUARDED_AVAILABILITY = YES_AGGRESSIVE;
				CLANG_WARN_UNREACHABLE_CODE = YES;
				CLANG_WARN__DUPLICATE_METHOD_MATCH = YES;
				COPY_PHASE_STRIP = NO;
				DEBUG_INFORMATION_FORMAT = "dwarf-with-dsym";
				ENABLE_NS_ASSERTIONS = NO;
				ENABLE_STRICT_OBJC_MSGSEND = YES;
				GCC_C_LANGUAGE_STANDARD = gnu11;
				GCC_NO_COMMON_BLOCKS = YES;
				GCC_WARN_64_TO_32_BIT_CONVERSION = YES;
				GCC_WARN_ABOUT_RETURN_TYPE = YES_ERROR;
				GCC_WARN_UNDECLARED_SELECTOR = YES;
				GCC_WARN_UNINITIALIZED_AUTOS = YES_AGGRESSIVE;
				GCC_WARN_UNUSED_FUNCTION = YES;
				GCC_WARN_UNUSED_VARIABLE = YES;
				IPHONEOS_DEPLOYMENT_TARGET = 16.4;
				MTL_ENABLE_DEBUG_INFO = NO;
				MTL_FAST_MATH = YES;
				SDKROOT = iphoneos;
				SWIFT_COMPILATION_MODE = wholemodule;
				SWIFT_OPTIMIZATION_LEVEL = "-O";
				VALIDATE_PRODUCT = YES;
			};
			name = Release;
		};
		292F3B792A4384A10079751D /* Debug */ = {
			isa = XCBuildConfiguration;
			buildSettings = {
				ASSETCATALOG_COMPILER_APPICON_NAME = AppIcon;
				ASSETCATALOG_COMPILER_GLOBAL_ACCENT_COLOR_NAME = AccentColor;
				CODE_SIGN_STYLE = Automatic;
				CURRENT_PROJECT_VERSION = 1;
				DEVELOPMENT_TEAM = W6HRJ6R6XG;
				GENERATE_INFOPLIST_FILE = YES;
				INFOPLIST_FILE = "MarvelCharacters/Supporting Files/Info.plist";
				INFOPLIST_KEY_UIApplicationSupportsIndirectInputEvents = YES;
				INFOPLIST_KEY_UILaunchStoryboardName = LaunchScreen;
				INFOPLIST_KEY_UISupportedInterfaceOrientations_iPad = "UIInterfaceOrientationPortrait UIInterfaceOrientationPortraitUpsideDown UIInterfaceOrientationLandscapeLeft UIInterfaceOrientationLandscapeRight";
				INFOPLIST_KEY_UISupportedInterfaceOrientations_iPhone = "UIInterfaceOrientationPortrait UIInterfaceOrientationLandscapeLeft UIInterfaceOrientationLandscapeRight";
				LD_RUNPATH_SEARCH_PATHS = (
					"$(inherited)",
					"@executable_path/Frameworks",
				);
				MARKETING_VERSION = 1.0;
				PRODUCT_BUNDLE_IDENTIFIER = com.Studio314.MarvelCharacters;
				PRODUCT_NAME = "$(TARGET_NAME)";
				SWIFT_EMIT_LOC_STRINGS = YES;
				SWIFT_VERSION = 5.0;
				TARGETED_DEVICE_FAMILY = "1,2";
			};
			name = Debug;
		};
		292F3B7A2A4384A10079751D /* Release */ = {
			isa = XCBuildConfiguration;
			buildSettings = {
				ASSETCATALOG_COMPILER_APPICON_NAME = AppIcon;
				ASSETCATALOG_COMPILER_GLOBAL_ACCENT_COLOR_NAME = AccentColor;
				CODE_SIGN_STYLE = Automatic;
				CURRENT_PROJECT_VERSION = 1;
				DEVELOPMENT_TEAM = W6HRJ6R6XG;
				GENERATE_INFOPLIST_FILE = YES;
				INFOPLIST_FILE = "MarvelCharacters/Supporting Files/Info.plist";
				INFOPLIST_KEY_UIApplicationSupportsIndirectInputEvents = YES;
				INFOPLIST_KEY_UILaunchStoryboardName = LaunchScreen;
				INFOPLIST_KEY_UISupportedInterfaceOrientations_iPad = "UIInterfaceOrientationPortrait UIInterfaceOrientationPortraitUpsideDown UIInterfaceOrientationLandscapeLeft UIInterfaceOrientationLandscapeRight";
				INFOPLIST_KEY_UISupportedInterfaceOrientations_iPhone = "UIInterfaceOrientationPortrait UIInterfaceOrientationLandscapeLeft UIInterfaceOrientationLandscapeRight";
				LD_RUNPATH_SEARCH_PATHS = (
					"$(inherited)",
					"@executable_path/Frameworks",
				);
				MARKETING_VERSION = 1.0;
				PRODUCT_BUNDLE_IDENTIFIER = com.Studio314.MarvelCharacters;
				PRODUCT_NAME = "$(TARGET_NAME)";
				SWIFT_EMIT_LOC_STRINGS = YES;
				SWIFT_VERSION = 5.0;
				TARGETED_DEVICE_FAMILY = "1,2";
			};
			name = Release;
		};
/* End XCBuildConfiguration section */

/* Begin XCConfigurationList section */
		292F3B5F2A4384A00079751D /* Build configuration list for PBXProject "MarvelCharacters" */ = {
			isa = XCConfigurationList;
			buildConfigurations = (
				292F3B762A4384A10079751D /* Debug */,
				292F3B772A4384A10079751D /* Release */,
			);
			defaultConfigurationIsVisible = 0;
			defaultConfigurationName = Release;
		};
		292F3B782A4384A10079751D /* Build configuration list for PBXNativeTarget "MarvelCharacters" */ = {
			isa = XCConfigurationList;
			buildConfigurations = (
				292F3B792A4384A10079751D /* Debug */,
				292F3B7A2A4384A10079751D /* Release */,
			);
			defaultConfigurationIsVisible = 0;
			defaultConfigurationName = Release;
		};
/* End XCConfigurationList section */
	};
	rootObject = 292F3B5C2A4384A00079751D /* Project object */;
}
